
Microsoft Visual Studio Solution File, Format Version 12.00
# Visual Studio Version 17
VisualStudioVersion = 17.0.31919.166
MinimumVisualStudioVersion = 10.0.40219.1
Project("{FAE04EC0-301F-11D3-BF4B-00C04F79EFBC}") = "Zahlenraten", "Zahlenraten\Zahlenraten.csproj", "{2E4D45C1-93F1-48AD-914A-63F3CEF1B921}"
EndProject
Global
	GlobalSection(SolutionConfigurationPlatforms) = preSolution
		Debug|Any CPU = Debug|Any CPU
		Release|Any CPU = Release|Any CPU
	EndGlobalSection
	GlobalSection(ProjectConfigurationPlatforms) = postSolution
		{2E4D45C1-93F1-48AD-914A-63F3CEF1B921}.Debug|Any CPU.ActiveCfg = Debug|Any CPU
		{2E4D45C1-93F1-48AD-914A-63F3CEF1B921}.Debug|Any CPU.Build.0 = Debug|Any CPU
		{2E4D45C1-93F1-48AD-914A-63F3CEF1B921}.Release|Any CPU.ActiveCfg = Release|Any CPU
		{2E4D45C1-93F1-48AD-914A-63F3CEF1B921}.Release|Any CPU.Build.0 = Release|Any CPU
	EndGlobalSection
	GlobalSection(SolutionProperties) = preSolution
		HideSolutionNode = FALSE
	EndGlobalSection
	GlobalSection(ExtensibilityGlobals) = postSolution
		SolutionGuid = {01307DEA-A0B7-4ECA-BDFD-87B441F5F01D}
	EndGlobalSection
EndGlobal
